
Microsoft Visual Studio Solution File, Format Version 12.00
# Visual Studio Version 17
VisualStudioVersion = 17.9.34728.123
MinimumVisualStudioVersion = 10.0.40219.1
Project("{FAE04EC0-301F-11D3-BF4B-00C04F79EFBC}") = "Que_06", "Que_06.csproj", "{905406A5-2AF1-4E52-ACFF-DAC12E96B95A}"
EndProject
Global
	GlobalSection(SolutionConfigurationPlatforms) = preSolution
		Debug|Any CPU = Debug|Any CPU
		Release|Any CPU = Release|Any CPU
	EndGlobalSection
	GlobalSection(ProjectConfigurationPlatforms) = postSolution
		{905406A5-2AF1-4E52-ACFF-DAC12E96B95A}.Debug|Any CPU.ActiveCfg = Debug|Any CPU
		{905406A5-2AF1-4E52-ACFF-DAC12E96B95A}.Debug|Any CPU.Build.0 = Debug|Any CPU
		{905406A5-2AF1-4E52-ACFF-DAC12E96B95A}.Release|Any CPU.ActiveCfg = Release|Any CPU
		{905406A5-2AF1-4E52-ACFF-DAC12E96B95A}.Release|Any CPU.Build.0 = Release|Any CPU
	EndGlobalSection
	GlobalSection(SolutionProperties) = preSolution
		HideSolutionNode = FALSE
	EndGlobalSection
	GlobalSection(ExtensibilityGlobals) = postSolution
		SolutionGuid = {AA94CF63-6F8E-4384-953B-2628D9E45916}
	EndGlobalSection
EndGlobal
