
Microsoft Visual Studio Solution File, Format Version 12.00
# Visual Studio Version 17
VisualStudioVersion = 17.9.34728.123
MinimumVisualStudioVersion = 10.0.40219.1
Project("{FAE04EC0-301F-11D3-BF4B-00C04F79EFBC}") = "Que_11", "Que_11.csproj", "{52B0C128-C43B-4D28-B223-692146C09948}"
EndProject
Global
	GlobalSection(SolutionConfigurationPlatforms) = preSolution
		Debug|Any CPU = Debug|Any CPU
		Release|Any CPU = Release|Any CPU
	EndGlobalSection
	GlobalSection(ProjectConfigurationPlatforms) = postSolution
		{52B0C128-C43B-4D28-B223-692146C09948}.Debug|Any CPU.ActiveCfg = Debug|Any CPU
		{52B0C128-C43B-4D28-B223-692146C09948}.Debug|Any CPU.Build.0 = Debug|Any CPU
		{52B0C128-C43B-4D28-B223-692146C09948}.Release|Any CPU.ActiveCfg = Release|Any CPU
		{52B0C128-C43B-4D28-B223-692146C09948}.Release|Any CPU.Build.0 = Release|Any CPU
	EndGlobalSection
	GlobalSection(SolutionProperties) = preSolution
		HideSolutionNode = FALSE
	EndGlobalSection
	GlobalSection(ExtensibilityGlobals) = postSolution
		SolutionGuid = {8A994690-6D24-4CB7-944B-8C65DAA7F2E2}
	EndGlobalSection
EndGlobal
